
Microsoft Visual Studio Solution File, Format Version 12.00
# Visual Studio 15
VisualStudioVersion = 15.0.26730.12
MinimumVisualStudioVersion = 10.0.40219.1
Project("{FAE04EC0-301F-11D3-BF4B-00C04F79EFBC}") = "AdventOfCode2017", "AdventOfCode2017\AdventOfCode2017.csproj", "{C1AC6509-DEC9-4B05-B599-4B887C87A37E}"
EndProject
Global
	GlobalSection(SolutionConfigurationPlatforms) = preSolution
		Debug|Any CPU = Debug|Any CPU
		Release|Any CPU = Release|Any CPU
	EndGlobalSection
	GlobalSection(ProjectConfigurationPlatforms) = postSolution
		{C1AC6509-DEC9-4B05-B599-4B887C87A37E}.Debug|Any CPU.ActiveCfg = Debug|Any CPU
		{C1AC6509-DEC9-4B05-B599-4B887C87A37E}.Debug|Any CPU.Build.0 = Debug|Any CPU
		{C1AC6509-DEC9-4B05-B599-4B887C87A37E}.Release|Any CPU.ActiveCfg = Release|Any CPU
		{C1AC6509-DEC9-4B05-B599-4B887C87A37E}.Release|Any CPU.Build.0 = Release|Any CPU
	EndGlobalSection
	GlobalSection(SolutionProperties) = preSolution
		HideSolutionNode = FALSE
	EndGlobalSection
	GlobalSection(ExtensibilityGlobals) = postSolution
		SolutionGuid = {B367BE6D-17B9-4F5D-8C63-9D62B84CB4CB}
	EndGlobalSection
EndGlobal
